
Microsoft Visual Studio Solution File, Format Version 12.00
# Visual Studio Version 17
VisualStudioVersion = 17.8.34525.116
MinimumVisualStudioVersion = 10.0.40219.1
Project("{FAE04EC0-301F-11D3-BF4B-00C04F79EFBC}") = "BattleShip1", "BattleShip1\BattleShip1.csproj", "{7B75CC56-C688-42DA-89F4-5FD1C8CF49AB}"
EndProject
Global
	GlobalSection(SolutionConfigurationPlatforms) = preSolution
		Debug|Any CPU = Debug|Any CPU
		Release|Any CPU = Release|Any CPU
	EndGlobalSection
	GlobalSection(ProjectConfigurationPlatforms) = postSolution
		{7B75CC56-C688-42DA-89F4-5FD1C8CF49AB}.Debug|Any CPU.ActiveCfg = Debug|Any CPU
		{7B75CC56-C688-42DA-89F4-5FD1C8CF49AB}.Debug|Any CPU.Build.0 = Debug|Any CPU
		{7B75CC56-C688-42DA-89F4-5FD1C8CF49AB}.Release|Any CPU.ActiveCfg = Release|Any CPU
		{7B75CC56-C688-42DA-89F4-5FD1C8CF49AB}.Release|Any CPU.Build.0 = Release|Any CPU
	EndGlobalSection
	GlobalSection(SolutionProperties) = preSolution
		HideSolutionNode = FALSE
	EndGlobalSection
	GlobalSection(ExtensibilityGlobals) = postSolution
		SolutionGuid = {136A47D4-EA38-4A9A-AC50-0C7DC8A21375}
	EndGlobalSection
EndGlobal
